# This file is automatically @generated by Cargo.
# It is not intended for manual editing.
[[package]]
name = "day6"
version = "0.1.0"
dependencies = [
 "multimap 0.8.0 (registry+https://github.com/rust-lang/crates.io-index)",
]

[[package]]
name = "multimap"
version = "0.8.0"
source = "registry+https://github.com/rust-lang/crates.io-index"

[metadata]
"checksum multimap 0.8.0 (registry+https://github.com/rust-lang/crates.io-index)" = "a97fbd5d00e0e37bfb10f433af8f5aaf631e739368dc9fc28286ca81ca4948dc"
